github.com/chrede88/qubt v1.2.4 h1:FwVBuybRvXThPSLdjZ8Ug1dqiSa449JUkREc1NJCRmE=
github.com/chrede88/qubt v1.2.4/go.mod h1:LNKgH/KNBmQ7uR5qwKirELm6ApjPfer9tw+eEpjKgbA=
github.com/chrede88/qubt v1.2.5 h1:eoz24u1byC3C6rYJcKcospjUY9KwmbRLs4Zx9aNkGgM=
github.com/chrede88/qubt v1.2.5/go.mod h1:h/fOqEMamJzVqwoguCa024jeQHesr0i9HC2vDUMJ6B8=
